
Microsoft Visual Studio Solution File, Format Version 12.00
# Visual Studio Version 17
VisualStudioVersion = 17.7.34003.232
MinimumVisualStudioVersion = 10.0.40219.1
Project("{FAE04EC0-301F-11D3-BF4B-00C04F79EFBC}") = "TestPractice", "TestPractice\TestPractice.csproj", "{59A315B8-3089-4C4C-8249-7D450AE8CA95}"
EndProject
Global
	GlobalSection(SolutionConfigurationPlatforms) = preSolution
		Debug|Any CPU = Debug|Any CPU
		Release|Any CPU = Release|Any CPU
	EndGlobalSection
	GlobalSection(ProjectConfigurationPlatforms) = postSolution
		{59A315B8-3089-4C4C-8249-7D450AE8CA95}.Debug|Any CPU.ActiveCfg = Debug|Any CPU
		{59A315B8-3089-4C4C-8249-7D450AE8CA95}.Debug|Any CPU.Build.0 = Debug|Any CPU
		{59A315B8-3089-4C4C-8249-7D450AE8CA95}.Release|Any CPU.ActiveCfg = Release|Any CPU
		{59A315B8-3089-4C4C-8249-7D450AE8CA95}.Release|Any CPU.Build.0 = Release|Any CPU
	EndGlobalSection
	GlobalSection(SolutionProperties) = preSolution
		HideSolutionNode = FALSE
	EndGlobalSection
	GlobalSection(ExtensibilityGlobals) = postSolution
		SolutionGuid = {61E64C9C-1002-4D39-94C7-B39659F4784F}
	EndGlobalSection
EndGlobal
